
Microsoft Visual Studio Solution File, Format Version 12.00
# Visual Studio Version 16
VisualStudioVersion = 16.0.32228.343
MinimumVisualStudioVersion = 10.0.40219.1
Project("{FAE04EC0-301F-11D3-BF4B-00C04F79EFBC}") = "spor_salonu", "spor salonu\spor_salonu.csproj", "{61B5976B-2525-4AD3-81CC-025E41B8A256}"
EndProject
Global
	GlobalSection(SolutionConfigurationPlatforms) = preSolution
		Debug|Any CPU = Debug|Any CPU
		Release|Any CPU = Release|Any CPU
	EndGlobalSection
	GlobalSection(ProjectConfigurationPlatforms) = postSolution
		{61B5976B-2525-4AD3-81CC-025E41B8A256}.Debug|Any CPU.ActiveCfg = Debug|Any CPU
		{61B5976B-2525-4AD3-81CC-025E41B8A256}.Debug|Any CPU.Build.0 = Debug|Any CPU
		{61B5976B-2525-4AD3-81CC-025E41B8A256}.Release|Any CPU.ActiveCfg = Release|Any CPU
		{61B5976B-2525-4AD3-81CC-025E41B8A256}.Release|Any CPU.Build.0 = Release|Any CPU
	EndGlobalSection
	GlobalSection(SolutionProperties) = preSolution
		HideSolutionNode = FALSE
	EndGlobalSection
	GlobalSection(ExtensibilityGlobals) = postSolution
		SolutionGuid = {56E7E65C-FCD3-407D-8970-CDD2FD961749}
	EndGlobalSection
EndGlobal
